PODS:
  - AppAuth (2.0.0):
    - AppAuth/Core (= 2.0.0)
    - AppAuth/ExternalUserAgent (= 2.0.0)
  - AppAuth/Core (2.0.0)
  - AppAuth/ExternalUserAgent (2.0.0):
    - AppAuth/Core
  - appcheck (1.8.0):
    - Flutter
  - audio_session (0.0.1):
    - Flutter
  - audio_streamer (4.3.0):
    - Flutter
  - audioplayers_darwin (0.0.1):
    - Flutter
    - FlutterMacOS
  - battery_plus (1.0.0):
    - Flutter
  - camera_avfoundation (0.0.1):
    - Flutter
  - carp_movesense_flutter (0.1.1):
    - Flutter
  - connectivity_plus (0.0.1):
    - Flutter
  - dchs_flutter_beacon (0.6.10):
    - Flutter
  - device_info_plus (0.0.1):
    - Flutter
  - file_picker_darwin (1.0.0):
    - Flutter
    - FlutterMacOS
  - Flutter (1.0.0)
  - flutter_activity_recognition (0.0.1):
    - Flutter
  - flutter_appauth (0.0.1):
    - AppAuth (= 2.0.0)
    - Flutter
  - flutter_blue_plus_darwin (0.0.2):
    - Flutter
    - FlutterMacOS
  - flutter_local_notifications (0.0.1):
    - Flutter
  - flutter_secure_storage_darwin (10.0.0):
    - Flutter
    - FlutterMacOS
  - flutter_sound (9.30.0):
    - Flutter
    - flutter_sound_core (= 9.30.0)
  - flutter_sound_core (9.30.0)
  - flutter_timezone (0.0.1):
    - Flutter
  - flutter_web_auth_2 (5.0.0):
    - Flutter
  - health (13.3.2):
    - Flutter
  - integration_test (0.0.1):
    - Flutter
  - just_audio (0.0.1):
    - Flutter
    - FlutterMacOS
  - light (4.1.1):
    - Flutter
  - location (0.0.1):
    - Flutter
  - network_info_plus (0.0.1):
    - Flutter
  - oidc_ios (0.0.1):
    - Flutter
  - open_filex (0.0.2):
    - Flutter
  - open_settings_plus (0.0.1):
    - Flutter
  - package_info_plus (0.4.5):
    - Flutter
  - pedometer (4.2.0):
    - Flutter
  - permission_handler_apple (9.4.8):
    - Flutter
  - polar (0.0.1):
    - Flutter
    - PolarBleSdk (= 6.14.0)
  - PolarBleSdk (6.14.0):
    - RxSwift (~> 6.8.0)
    - SwiftProtobuf (~> 1.0)
    - Zip (~> 2.1.2)
  - qr_code_scanner_plus (0.2.6):
    - Flutter
  - RxSwift (6.8.0)
  - screen_state (5.0.1):
    - Flutter
  - sensors_plus (0.0.1):
    - Flutter
  - share_plus (0.0.1):
    - Flutter
  - shared_preferences_foundation (0.0.1):
    - Flutter
    - FlutterMacOS
  - sqflite_darwin (0.0.4):
    - Flutter
    - FlutterMacOS
  - SwiftProtobuf (1.33.3)
  - url_launcher_ios (0.0.1):
    - Flutter
  - video_player_avfoundation (0.0.1):
    - Flutter
    - FlutterMacOS
  - Zip (2.1.2)

DEPENDENCIES:
  - appcheck (from `.symlinks/plugins/appcheck/ios`)
  - audio_session (from `.symlinks/plugins/audio_session/ios`)
  - audio_streamer (from `.symlinks/plugins/audio_streamer/ios`)
  - audioplayers_darwin (from `.symlinks/plugins/audioplayers_darwin/darwin`)
  - battery_plus (from `.symlinks/plugins/battery_plus/ios`)
  - camera_avfoundation (from `.symlinks/plugins/camera_avfoundation/ios`)
  - carp_movesense_flutter (from `.symlinks/plugins/carp_movesense_flutter/ios`)
  - connectivity_plus (from `.symlinks/plugins/connectivity_plus/ios`)
  - dchs_flutter_beacon (from `.symlinks/plugins/dchs_flutter_beacon/ios`)
  - device_info_plus (from `.symlinks/plugins/device_info_plus/ios`)
  - file_picker_darwin (from `.symlinks/plugins/file_picker_darwin/darwin`)
  - Flutter (from `Flutter`)
  - flutter_activity_recognition (from `.symlinks/plugins/flutter_activity_recognition/ios`)
  - flutter_appauth (from `.symlinks/plugins/flutter_appauth/ios`)
  - flutter_blue_plus_darwin (from `.symlinks/plugins/flutter_blue_plus_darwin/darwin`)
  - flutter_local_notifications (from `.symlinks/plugins/flutter_local_notifications/ios`)
  - flutter_secure_storage_darwin (from `.symlinks/plugins/flutter_secure_storage_darwin/darwin`)
  - flutter_sound (from `.symlinks/plugins/flutter_sound/ios`)
  - flutter_timezone (from `.symlinks/plugins/flutter_timezone/ios`)
  - flutter_web_auth_2 (from `.symlinks/plugins/flutter_web_auth_2/ios`)
  - health (from `.symlinks/plugins/health/ios`)
  - integration_test (from `.symlinks/plugins/integration_test/ios`)
  - just_audio (from `.symlinks/plugins/just_audio/darwin`)
  - light (from `.symlinks/plugins/light/ios`)
  - location (from `.symlinks/plugins/location/ios`)
  - network_info_plus (from `.symlinks/plugins/network_info_plus/ios`)
  - oidc_ios (from `.symlinks/plugins/oidc_ios/ios`)
  - open_filex (from `.symlinks/plugins/open_filex/ios`)
  - open_settings_plus (from `.symlinks/plugins/open_settings_plus/ios`)
  - package_info_plus (from `.symlinks/plugins/package_info_plus/ios`)
  - pedometer (from `.symlinks/plugins/pedometer/ios`)
  - permission_handler_apple (from `.symlinks/plugins/permission_handler_apple/ios`)
  - polar (from `.symlinks/plugins/polar/ios`)
  - qr_code_scanner_plus (from `.symlinks/plugins/qr_code_scanner_plus/ios`)
  - screen_state (from `.symlinks/plugins/screen_state/ios`)
  - sensors_plus (from `.symlinks/plugins/sensors_plus/ios`)
  - share_plus (from `.symlinks/plugins/share_plus/ios`)
  - shared_preferences_foundation (from `.symlinks/plugins/shared_preferences_foundation/darwin`)
  - sqflite_darwin (from `.symlinks/plugins/sqflite_darwin/darwin`)
  - url_launcher_ios (from `.symlinks/plugins/url_launcher_ios/ios`)
  - video_player_avfoundation (from `.symlinks/plugins/video_player_avfoundation/darwin`)

SPEC REPOS:
  trunk:
    - AppAuth
    - flutter_sound_core
    - PolarBleSdk
    - RxSwift
    - SwiftProtobuf
    - Zip

EXTERNAL SOURCES:
  appcheck:
    :path: ".symlinks/plugins/appcheck/ios"
  audio_session:
    :path: ".symlinks/plugins/audio_session/ios"
  audio_streamer:
    :path: ".symlinks/plugins/audio_streamer/ios"
  audioplayers_darwin:
    :path: ".symlinks/plugins/audioplayers_darwin/darwin"
  battery_plus:
    :path: ".symlinks/plugins/battery_plus/ios"
  camera_avfoundation:
    :path: ".symlinks/plugins/camera_avfoundation/ios"
  carp_movesense_flutter:
    :path: ".symlinks/plugins/carp_movesense_flutter/ios"
  connectivity_plus:
    :path: ".symlinks/plugins/connectivity_plus/ios"
  dchs_flutter_beacon:
    :path: ".symlinks/plugins/dchs_flutter_beacon/ios"
  device_info_plus:
    :path: ".symlinks/plugins/device_info_plus/ios"
  file_picker_darwin:
    :path: ".symlinks/plugins/file_picker_darwin/darwin"
  Flutter:
    :path: Flutter
  flutter_activity_recognition:
    :path: ".symlinks/plugins/flutter_activity_recognition/ios"
  flutter_appauth:
    :path: ".symlinks/plugins/flutter_appauth/ios"
  flutter_blue_plus_darwin:
    :path: ".symlinks/plugins/flutter_blue_plus_darwin/darwin"
  flutter_local_notifications:
    :path: ".symlinks/plugins/flutter_local_notifications/ios"
  flutter_secure_storage_darwin:
    :path: ".symlinks/plugins/flutter_secure_storage_darwin/darwin"
  flutter_sound:
    :path: ".symlinks/plugins/flutter_sound/ios"
  flutter_timezone:
    :path: ".symlinks/plugins/flutter_timezone/ios"
  flutter_web_auth_2:
    :path: ".symlinks/plugins/flutter_web_auth_2/ios"
  health:
    :path: ".symlinks/plugins/health/ios"
  integration_test:
    :path: ".symlinks/plugins/integration_test/ios"
  just_audio:
    :path: ".symlinks/plugins/just_audio/darwin"
  light:
    :path: ".symlinks/plugins/light/ios"
  location:
    :path: ".symlinks/plugins/location/ios"
  network_info_plus:
    :path: ".symlinks/plugins/network_info_plus/ios"
  oidc_ios:
    :path: ".symlinks/plugins/oidc_ios/ios"
  open_filex:
    :path: ".symlinks/plugins/open_filex/ios"
  open_settings_plus:
    :path: ".symlinks/plugins/open_settings_plus/ios"
  package_info_plus:
    :path: ".symlinks/plugins/package_info_plus/ios"
  pedometer:
    :path: ".symlinks/plugins/pedometer/ios"
  permission_handler_apple:
    :path: ".symlinks/plugins/permission_handler_apple/ios"
  polar:
    :path: ".symlinks/plugins/polar/ios"
  qr_code_scanner_plus:
    :path: ".symlinks/plugins/qr_code_scanner_plus/ios"
  screen_state:
    :path: ".symlinks/plugins/screen_state/ios"
  sensors_plus:
    :path: ".symlinks/plugins/sensors_plus/ios"
  share_plus:
    :path: ".symlinks/plugins/share_plus/ios"
  shared_preferences_foundation:
    :path: ".symlinks/plugins/shared_preferences_foundation/darwin"
  sqflite_darwin:
    :path: ".symlinks/plugins/sqflite_darwin/darwin"
  url_launcher_ios:
    :path: ".symlinks/plugins/url_launcher_ios/ios"
  video_player_avfoundation:
    :path: ".symlinks/plugins/video_player_avfoundation/darwin"

SPEC CHECKSUMS:
  AppAuth: 1c1a8afa7e12f2ec3a294d9882dfa5ab7d3cb063
  appcheck: aff4f79f0097301965bad65856f1a21e6a085512
  audio_session: 9bb7f6c970f21241b19f5a3658097ae459681ba0
  audio_streamer: 85e5b27e443525fcfe375052132327539c89d19a
  audioplayers_darwin: 835ced6edd4c9fc8ebb0a7cc9e294a91d99917d5
  battery_plus: b42253f6d2dde71712f8c36fef456d99121c5977
  camera_avfoundation: 5675ca25298b6f81fa0a325188e7df62cc217741
  carp_movesense_flutter: 9fac69db6612c07b9f33f36180a3f40b3591c750
  connectivity_plus: cb623214f4e1f6ef8fe7403d580fdad517d2f7dd
  dchs_flutter_beacon: 249ca73abb4ae4aedb0fd29d754ddc39cfa3bc2f
  device_info_plus: 21fcca2080fbcd348be798aa36c3e5ed849eefbe
  file_picker_darwin: 5c32d1a83c7cd2e4e2d2eaea629cf830b3b5dc49
  Flutter: cabc95a1d2626b1b06e7179b784ebcf0c0cde467
  flutter_activity_recognition: 52dfad4c1e9cec99f0841b3ed0efcc9d424b3deb
  flutter_appauth: d4abcf54856e5d8ba82ed7646ffc83245d4aa448
  flutter_blue_plus_darwin: 20a08bfeaa0f7804d524858d3d8744bcc1b6dbc3
  flutter_local_notifications: 643a3eda1ce1c0599413ca31672536d423dee214
  flutter_secure_storage_darwin: acdb3f316ed05a3e68f856e0353b133eec373a23
  flutter_sound: d95194f6476c9ad211d22b3a414d852c12c7ca44
  flutter_sound_core: 7f2626d249d3a57bfa6da892ef7e22d234482c1a
  flutter_timezone: 7c838e17ffd4645d261e87037e5bebf6d38fe544
  flutter_web_auth_2: 646fc9df97a01c59e5eea99b237da2c6360f8439
  health: 72947bca89ee7906256d6f650db061ca4b2f92c7
  integration_test: 4a889634ef21a45d28d50d622cf412dc6d9f586e
  just_audio: 4e391f57b79cad2b0674030a00453ca5ce817eed
  light: 6490592116da81837a414ef49387bbea7a5ed375
  location: 155caecf9da4f280ab5fe4a55f94ceccfab838f8
  network_info_plus: cf61925ab5205dce05a4f0895989afdb6aade5fc
  oidc_ios: 16966cad509ce6850ca4ca1216c5138bef2a8726
  open_filex: 432f3cd11432da3e39f47fcc0df2b1603854eff1
  open_settings_plus: d19f91e8a04649358a51c19b484ce2e637149d70
  package_info_plus: af8e2ca6888548050f16fa2f1938db7b5a5df499
  pedometer: 6806036696085739f36b4e4e5374135e86220a59
  permission_handler_apple: 92d754bbaa7361d436db2d6c3c1c2a0fdcec462e
  polar: e6c15a5007d85ab02ce12973c152545bcba861cd
  PolarBleSdk: 1d56bb7a3ca0a6df04cb4f652fdccb26064df011
  qr_code_scanner_plus: c6e79405d5fc87c45349daed2da322bcb2728961
  RxSwift: 4e28be97cbcfeee614af26d83415febbf2bf6f45
  screen_state: e8bc94a9be30050982ffe1bbacc9821bb5287606
  sensors_plus: b70a93b69dafdabd26ce4ac3f4d0529ab9acc4ca
  share_plus: 50da8cb520a8f0f65671c6c6a99b3617ed10a58a
  shared_preferences_foundation: 7036424c3d8ec98dfe75ff1667cb0cd531ec82bb
  sqflite_darwin: 20b2a3a3b70e43edae938624ce550a3cbf66a3d0
  SwiftProtobuf: e1b437c8e31a4c5577b643249a0bb62ed4f02153
  url_launcher_ios: 7a95fa5b60cc718a708b8f2966718e93db0cef1b
  video_player_avfoundation: 3453f792138786248960ca029747fcd9f318ef52
  Zip: b3fef584b147b6e582b2256a9815c897d60ddc67

PODFILE CHECKSUM: 7859dfa6db9a6e8f17eb924b6a98ebe3a0077089

COCOAPODS: 1.16.2
