PODS:
  - Alamofire (5.8.1)
  - AppAuth (1.7.4):
    - AppAuth/Core (= 1.7.4)
    - AppAuth/ExternalUserAgent (= 1.7.4)
  - AppAuth/Core (1.7.4)
  - AppAuth/ExternalUserAgent (1.7.4):
    - AppAuth/Core
  - "appcheck (1.5.4+1)":
    - Flutter
  - audio_session (0.0.1):
    - Flutter
  - audio_streamer (0.0.1):
    - Flutter
  - battery_plus (1.0.0):
    - Flutter
  - camera_avfoundation (0.0.1):
    - Flutter
  - connectivity_plus (0.0.1):
    - Flutter
  - device_info_plus (0.0.1):
    - Flutter
  - ESense (0.1.3)
  - esense_flutter (0.2.0):
    - ESense
    - Flutter
  - Flutter (1.0.0)
  - flutter_activity_recognition (0.0.1):
    - Flutter
  - flutter_appauth (0.0.1):
    - AppAuth (= 1.7.4)
    - Flutter
  - flutter_blue_plus_darwin (0.0.2):
    - Flutter
    - FlutterMacOS
  - flutter_local_notifications (0.0.1):
    - Flutter
  - flutter_secure_storage (6.0.0):
    - Flutter
  - flutter_sound (9.25.9):
    - Flutter
    - flutter_sound_core (= 9.25.9)
  - flutter_sound_core (9.25.9)
  - flutter_timezone (0.0.1):
    - Flutter
  - health (12.0.0):
    - Flutter
  - just_audio (0.0.1):
    - Flutter
    - FlutterMacOS
  - location (0.0.1):
    - Flutter
  - mdsflutter (0.0.1):
    - Flutter
    - Movesense
    - SwiftProtobuf
  - Movesense (3.27.0)
  - network_info_plus (0.0.1):
    - Flutter
  - oidc_ios (0.0.1):
    - Flutter
  - open_settings_plus (0.0.1):
    - Flutter
  - package_info_plus (0.4.5):
    - Flutter
  - path_provider_foundation (0.0.1):
    - Flutter
    - FlutterMacOS
  - pedometer (0.0.1):
    - Flutter
  - permission_handler_apple (9.3.0):
    - Flutter
  - polar (0.0.1):
    - Flutter
    - PolarBleSdk (~> 5.7.0)
  - PolarBleSdk (5.7.0):
    - Alamofire (~> 5.8.1)
    - RxSwift (~> 6.5.0)
    - SwiftProtobuf (~> 1.0)
    - Zip (~> 2.1.2)
  - RxSwift (6.5.0)
  - screen_state (1.0.0):
    - Flutter
  - sensors_plus (0.0.1):
    - Flutter
  - shared_preferences_foundation (0.0.1):
    - Flutter
    - FlutterMacOS
  - sqflite_darwin (0.0.4):
    - Flutter
    - FlutterMacOS
  - SwiftProtobuf (1.29.0)
  - url_launcher_ios (0.0.1):
    - Flutter
  - video_player_avfoundation (0.0.1):
    - Flutter
    - FlutterMacOS
  - Zip (2.1.2)

DEPENDENCIES:
  - appcheck (from `.symlinks/plugins/appcheck/ios`)
  - audio_session (from `.symlinks/plugins/audio_session/ios`)
  - audio_streamer (from `.symlinks/plugins/audio_streamer/ios`)
  - battery_plus (from `.symlinks/plugins/battery_plus/ios`)
  - camera_avfoundation (from `.symlinks/plugins/camera_avfoundation/ios`)
  - connectivity_plus (from `.symlinks/plugins/connectivity_plus/ios`)
  - device_info_plus (from `.symlinks/plugins/device_info_plus/ios`)
  - esense_flutter (from `.symlinks/plugins/esense_flutter/ios`)
  - Flutter (from `Flutter`)
  - flutter_activity_recognition (from `.symlinks/plugins/flutter_activity_recognition/ios`)
  - flutter_appauth (from `.symlinks/plugins/flutter_appauth/ios`)
  - flutter_blue_plus_darwin (from `.symlinks/plugins/flutter_blue_plus_darwin/darwin`)
  - flutter_local_notifications (from `.symlinks/plugins/flutter_local_notifications/ios`)
  - flutter_secure_storage (from `.symlinks/plugins/flutter_secure_storage/ios`)
  - flutter_sound (from `.symlinks/plugins/flutter_sound/ios`)
  - flutter_timezone (from `.symlinks/plugins/flutter_timezone/ios`)
  - health (from `.symlinks/plugins/health/ios`)
  - just_audio (from `.symlinks/plugins/just_audio/darwin`)
  - location (from `.symlinks/plugins/location/ios`)
  - mdsflutter (from `.symlinks/plugins/mdsflutter/ios`)
  - Movesense (from `https://bitbucket.org/movesense/movesense-mobile-lib/`)
  - network_info_plus (from `.symlinks/plugins/network_info_plus/ios`)
  - oidc_ios (from `.symlinks/plugins/oidc_ios/ios`)
  - open_settings_plus (from `.symlinks/plugins/open_settings_plus/ios`)
  - package_info_plus (from `.symlinks/plugins/package_info_plus/ios`)
  - path_provider_foundation (from `.symlinks/plugins/path_provider_foundation/darwin`)
  - pedometer (from `.symlinks/plugins/pedometer/ios`)
  - permission_handler_apple (from `.symlinks/plugins/permission_handler_apple/ios`)
  - polar (from `.symlinks/plugins/polar/ios`)
  - screen_state (from `.symlinks/plugins/screen_state/ios`)
  - sensors_plus (from `.symlinks/plugins/sensors_plus/ios`)
  - shared_preferences_foundation (from `.symlinks/plugins/shared_preferences_foundation/darwin`)
  - sqflite_darwin (from `.symlinks/plugins/sqflite_darwin/darwin`)
  - url_launcher_ios (from `.symlinks/plugins/url_launcher_ios/ios`)
  - video_player_avfoundation (from `.symlinks/plugins/video_player_avfoundation/darwin`)

SPEC REPOS:
  trunk:
    - Alamofire
    - AppAuth
    - ESense
    - flutter_sound_core
    - PolarBleSdk
    - RxSwift
    - SwiftProtobuf
    - Zip

EXTERNAL SOURCES:
  appcheck:
    :path: ".symlinks/plugins/appcheck/ios"
  audio_session:
    :path: ".symlinks/plugins/audio_session/ios"
  audio_streamer:
    :path: ".symlinks/plugins/audio_streamer/ios"
  battery_plus:
    :path: ".symlinks/plugins/battery_plus/ios"
  camera_avfoundation:
    :path: ".symlinks/plugins/camera_avfoundation/ios"
  connectivity_plus:
    :path: ".symlinks/plugins/connectivity_plus/ios"
  device_info_plus:
    :path: ".symlinks/plugins/device_info_plus/ios"
  esense_flutter:
    :path: ".symlinks/plugins/esense_flutter/ios"
  Flutter:
    :path: Flutter
  flutter_activity_recognition:
    :path: ".symlinks/plugins/flutter_activity_recognition/ios"
  flutter_appauth:
    :path: ".symlinks/plugins/flutter_appauth/ios"
  flutter_blue_plus_darwin:
    :path: ".symlinks/plugins/flutter_blue_plus_darwin/darwin"
  flutter_local_notifications:
    :path: ".symlinks/plugins/flutter_local_notifications/ios"
  flutter_secure_storage:
    :path: ".symlinks/plugins/flutter_secure_storage/ios"
  flutter_sound:
    :path: ".symlinks/plugins/flutter_sound/ios"
  flutter_timezone:
    :path: ".symlinks/plugins/flutter_timezone/ios"
  health:
    :path: ".symlinks/plugins/health/ios"
  just_audio:
    :path: ".symlinks/plugins/just_audio/darwin"
  location:
    :path: ".symlinks/plugins/location/ios"
  mdsflutter:
    :path: ".symlinks/plugins/mdsflutter/ios"
  Movesense:
    :git: https://bitbucket.org/movesense/movesense-mobile-lib/
  network_info_plus:
    :path: ".symlinks/plugins/network_info_plus/ios"
  oidc_ios:
    :path: ".symlinks/plugins/oidc_ios/ios"
  open_settings_plus:
    :path: ".symlinks/plugins/open_settings_plus/ios"
  package_info_plus:
    :path: ".symlinks/plugins/package_info_plus/ios"
  path_provider_foundation:
    :path: ".symlinks/plugins/path_provider_foundation/darwin"
  pedometer:
    :path: ".symlinks/plugins/pedometer/ios"
  permission_handler_apple:
    :path: ".symlinks/plugins/permission_handler_apple/ios"
  polar:
    :path: ".symlinks/plugins/polar/ios"
  screen_state:
    :path: ".symlinks/plugins/screen_state/ios"
  sensors_plus:
    :path: ".symlinks/plugins/sensors_plus/ios"
  shared_preferences_foundation:
    :path: ".symlinks/plugins/shared_preferences_foundation/darwin"
  sqflite_darwin:
    :path: ".symlinks/plugins/sqflite_darwin/darwin"
  url_launcher_ios:
    :path: ".symlinks/plugins/url_launcher_ios/ios"
  video_player_avfoundation:
    :path: ".symlinks/plugins/video_player_avfoundation/darwin"

CHECKOUT OPTIONS:
  Movesense:
    :commit: b9c0c4b08e353ecabe3999338e1b876db971bdfb
    :git: https://bitbucket.org/movesense/movesense-mobile-lib/

SPEC CHECKSUMS:
  Alamofire: 3ca42e259043ee0dc5c0cdd76c4bc568b8e42af7
  AppAuth: 182c5b88630569df5acb672720534756c29b3358
  appcheck: 3a298b7b76bd61517fe8f2fa6b7a8ba328afb736
  audio_session: 19e9480dbdd4e5f6c4543826b2e8b0e4ab6145fe
  audio_streamer: af49e73eb66f71c4eeabb4bbcb05f122d03a6709
  battery_plus: 34f72fa2afeeea83bbae306c72a25828d3ec727a
  camera_avfoundation: dd002b0330f4981e1bbcb46ae9b62829237459a4
  connectivity_plus: 2a701ffec2c0ae28a48cf7540e279787e77c447d
  device_info_plus: bf2e3232933866d73fe290f2942f2156cdd10342
  ESense: cbe103ad16c435424f2fd6f8b274f2468af84173
  esense_flutter: 8bfadfdefe7b51d6f78366e43b2b64ec9b6144b6
  Flutter: e0871f40cf51350855a761d2e70bf5af5b9b5de7
  flutter_activity_recognition: 5c3b026997742b01e82424ef257db9640822ad77
  flutter_appauth: 1ce438877bc111c5d8f42da47729909290624886
  flutter_blue_plus_darwin: 3ea4ec9133b377febcc8a70b28cd2d2dc9242bd9
  flutter_local_notifications: df98d66e515e1ca797af436137b4459b160ad8c9
  flutter_secure_storage: d33dac7ae2ea08509be337e775f6b59f1ff45f12
  flutter_sound: 127c2f90ecef728773207ef864025e47e3dae5a9
  flutter_sound_core: 6ae5ae83a325c555c6618780b0b43ab9ad4ec0f4
  flutter_timezone: ac3da59ac941ff1c98a2e1f0293420e020120282
  health: 698730a6f6e702d9ec8a77d107813471032499a4
  just_audio: a42c63806f16995daf5b219ae1d679deb76e6a79
  location: d5cf8598915965547c3f36761ae9cc4f4e87d22e
  mdsflutter: 841344e0d5781afbbddd13e057e1cb2e9d86e012
  Movesense: 5ee7f342042aff32d24924b7f3fe4f2e86532522
  network_info_plus: 6613d9d7cdeb0e6f366ed4dbe4b3c51c52d567a9
  oidc_ios: e80c00b7089ae7cdc45ab9ed636fdaed3e01e6a1
  open_settings_plus: 4bd848866fea2becc124581d868a6164cf768831
  package_info_plus: c0502532a26c7662a62a356cebe2692ec5fe4ec4
  path_provider_foundation: 2b6b4c569c0fb62ec74538f866245ac84301af46
  pedometer: 381969883680ade42559782cc41a3bbd453d8234
  permission_handler_apple: 9878588469a2b0d0fc1e048d9f43605f92e6cec2
  polar: 72c115bddd9aef3e3cc3eaba1196ecd99c59b8b6
  PolarBleSdk: e3df6f62b6ed34701d2e1d74ebe24fd8245062ca
  RxSwift: 5710a9e6b17f3c3d6e40d6e559b9fa1e813b2ef8
  screen_state: a300ec05ec5606e1cdac06d5533f15ea5dd7c822
  sensors_plus: 7229095999f30740798f0eeef5cd120357a8f4f2
  shared_preferences_foundation: fcdcbc04712aee1108ac7fda236f363274528f78
  sqflite_darwin: 5a7236e3b501866c1c9befc6771dfd73ffb8702d
  SwiftProtobuf: b7aa08087e2ab6d162862d143020091254095f69
  url_launcher_ios: 5334b05cef931de560670eeae103fd3e431ac3fe
  video_player_avfoundation: 7c6c11d8470e1675df7397027218274b6d2360b3
  Zip: b3fef584b147b6e582b2256a9815c897d60ddc67

PODFILE CHECKSUM: 637a852170391ffc67bb926aa9b5540c53ed8eaf

COCOAPODS: 1.16.2
